{
  "name": "npm-workspaces",
  "version": "1.0.0",
  "lockfileVersion": 2,
  "requires": true,
  "packages": {
    "": {
      "name": "npm-workspaces",
      "version": "1.0.0",
      "license": "ISC",
      "workspaces": [
        "package-1"
      ]
    },
    "node_modules/package-1": {
      "resolved": "package-1",
      "link": true
    },
    "package-1": {
      "version": "1.0.0",
      "license": "ISC"
    }
  },
  "dependencies": {
    "package-1": {
      "version": "file:package-1"
    }
  }
}
